{
  "name": "ccd3",
  "version": "0.3.0",
  "lockfileVersion": 1,
  "requires": true,
  "dependencies": {
    "@babel/code-frame": {
      "version": "7.12.13",
      "resolved": "https://registry.npm.taobao.org/@babel/code-frame/download/@babel/code-frame-7.12.13.tgz?cache=0&other_urls=https%3A%2F%2Fregistry.npm.taobao.org%2F%40babel%2Fcode-frame%2Fdownload%2F%40babel%2Fcode-frame-7.12.13.tgz",
      "integrity": "sha1-3PyCa+72XnXFDiHTg319lXmN1lg=",
      "dev": true,
      "requires": {
        "@babel/highlight": "^7.12.13"
      }
    },
    "@babel/helper-validator-identifier": {
      "version": "7.12.11",
      "resolved": "https://registry.npm.taobao.org/@babel/helper-validator-identifier/download/@babel/helper-validator-identifier-7.12.11.tgz",
      "integrity": "sha1-yaHwIZF9y1zPDU5FPjmQIpgfye0=",
      "dev": true
    },
    "@babel/highlight": {
      "version": "7.12.13",
      "resolved": "https://registry.npm.taobao.org/@babel/highlight/download/@babel/highlight-7.12.13.tgz?cache=0&sync_timestamp=1612315078828&other_urls=https%3A%2F%2Fregistry.npm.taobao.org%2F%40babel%2Fhighlight%2Fdownload%2F%40babel%2Fhighlight-7.12.13.tgz",
      "integrity": "sha1-irU4OT4ANwsmJxsB+gj38n8ueVw=",
      "dev": true,
      "requires": {
        "@babel/helper-validator-identifier": "^7.12.11",
        "chalk": "^2.0.0",
        "js-tokens": "^4.0.0"
      }
    },
    "@types/node": {
      "version": "14.14.25",
      "resolved": "https://registry.npm.taobao.org/@types/node/download/@types/node-14.14.25.tgz",
      "integrity": "sha1-FZZ6e1d/+BOD+biIqmcF1D+7rpM=",
      "dev": true
    },
    "ansi-styles": {
      "version": "3.2.1",
      "resolved": "https://registry.npm.taobao.org/ansi-styles/download/ansi-styles-3.2.1.tgz?cache=0&sync_timestamp=1611327117754&other_urls=https%3A%2F%2Fregistry.npm.taobao.org%2Fansi-styles%2Fdownload%2Fansi-styles-3.2.1.tgz",
      "integrity": "sha1-QfuyAkPlCxK+DwS43tvwdSDOhB0=",
      "dev": true,
      "requires": {
        "color-convert": "^1.9.0"
      }
    },
    "buffer-from": {
      "version": "1.1.1",
      "resolved": "https://registry.npm.taobao.org/buffer-from/download/buffer-from-1.1.1.tgz",
      "integrity": "sha1-MnE7wCj3XAL9txDXx7zsHyxgcO8=",
      "dev": true
    },
    "chalk": {
      "version": "2.4.2",
      "resolved": "https://registry.npm.taobao.org/chalk/download/chalk-2.4.2.tgz",
      "integrity": "sha1-zUJUFnelQzPPVBpJEIwUMrRMlCQ=",
      "dev": true,
      "requires": {
        "ansi-styles": "^3.2.1",
        "escape-string-regexp": "^1.0.5",
        "supports-color": "^5.3.0"
      }
    },
    "color-convert": {
      "version": "1.9.3",
      "resolved": "https://registry.npm.taobao.org/color-convert/download/color-convert-1.9.3.tgz",
      "integrity": "sha1-u3GFBpDh8TZWfeYp0tVHHe2kweg=",
      "dev": true,
      "requires": {
        "color-name": "1.1.3"
      }
    },
    "color-name": {
      "version": "1.1.3",
      "resolved": "https://registry.npm.taobao.org/color-name/download/color-name-1.1.3.tgz",
      "integrity": "sha1-p9BVi9icQveV3UIyj3QIMcpTvCU=",
      "dev": true
    },
    "commander": {
      "version": "2.20.3",
      "resolved": "https://registry.npm.taobao.org/commander/download/commander-2.20.3.tgz?cache=0&sync_timestamp=1610702155473&other_urls=https%3A%2F%2Fregistry.npm.taobao.org%2Fcommander%2Fdownload%2Fcommander-2.20.3.tgz",
      "integrity": "sha1-/UhehMA+tIgcIHIrpIA16FMa6zM=",
      "dev": true
    },
    "d3": {
      "version": "6.5.0",
      "resolved": "https://registry.npm.taobao.org/d3/download/d3-6.5.0.tgz",
      "integrity": "sha1-VcxkaQz+e/GHiNLPviLZEbATCfA=",
      "dev": true,
      "requires": {
        "d3-array": "2",
        "d3-axis": "2",
        "d3-brush": "2",
        "d3-chord": "2",
        "d3-color": "2",
        "d3-contour": "2",
        "d3-delaunay": "5",
        "d3-dispatch": "2",
        "d3-drag": "2",
        "d3-dsv": "2",
        "d3-ease": "2",
        "d3-fetch": "2",
        "d3-force": "2",
        "d3-format": "2",
        "d3-geo": "2",
        "d3-hierarchy": "2",
        "d3-interpolate": "2",
        "d3-path": "2",
        "d3-polygon": "2",
        "d3-quadtree": "2",
        "d3-random": "2",
        "d3-scale": "3",
        "d3-scale-chromatic": "2",
        "d3-selection": "2",
        "d3-shape": "2",
        "d3-time": "2",
        "d3-time-format": "3",
        "d3-timer": "2",
        "d3-transition": "2",
        "d3-zoom": "2"
      }
    },
    "d3-array": {
      "version": "2.11.0",
      "resolved": "https://registry.npm.taobao.org/d3-array/download/d3-array-2.11.0.tgz",
      "integrity": "sha1-XtaihpvH1HGuyN+f9u2f73mPrMQ=",
      "dev": true,
      "requires": {
        "internmap": "^1.0.0"
      }
    },
    "d3-axis": {
      "version": "2.0.0",
      "resolved": "https://registry.npm.taobao.org/d3-axis/download/d3-axis-2.0.0.tgz",
      "integrity": "sha1-QK67ZWJv/m2V6UQfv5GUJ0syios=",
      "dev": true
    },
    "d3-brush": {
      "version": "2.1.0",
      "resolved": "https://registry.npm.taobao.org/d3-brush/download/d3-brush-2.1.0.tgz",
      "integrity": "sha1-ra37sQTok3rxQumm4gKDJvBHEGU=",
      "dev": true,
      "requires": {
        "d3-dispatch": "1 - 2",
        "d3-drag": "2",
        "d3-interpolate": "1 - 2",
        "d3-selection": "2",
        "d3-transition": "2"
      }
    },
    "d3-chord": {
      "version": "2.0.0",
      "resolved": "https://registry.npm.taobao.org/d3-chord/download/d3-chord-2.0.0.tgz",
      "integrity": "sha1-MkkbVmU5EYBWD3OOXBzNHjxH664=",
      "dev": true,
      "requires": {
        "d3-path": "1 - 2"
      }
    },
    "d3-color": {
      "version": "2.0.0",
      "resolved": "https://registry.npm.taobao.org/d3-color/download/d3-color-2.0.0.tgz",
      "integrity": "sha1-jWJcq0Ltm49gGhdgo4n36pGJ1i4=",
      "dev": true
    },
    "d3-contour": {
      "version": "2.0.0",
      "resolved": "https://registry.npm.taobao.org/d3-contour/download/d3-contour-2.0.0.tgz",
      "integrity": "sha1-gO6DSYhWPjvqnZnd3nLA+MCJ6kA=",
      "dev": true,
      "requires": {
        "d3-array": "2"
      }
    },
    "d3-delaunay": {
      "version": "5.3.0",
      "resolved": "https://registry.npm.taobao.org/d3-delaunay/download/d3-delaunay-5.3.0.tgz",
      "integrity": "sha1-tH8Fw4+FSk57POqA4LsS5XOYdy0=",
      "dev": true,
      "requires": {
        "delaunator": "4"
      }
    },
    "d3-dispatch": {
      "version": "2.0.0",
      "resolved": "https://registry.npm.taobao.org/d3-dispatch/download/d3-dispatch-2.0.0.tgz",
      "integrity": "sha1-ihjhb3bdP8rvQhY8l7kmqptV588=",
      "dev": true
    },
    "d3-drag": {
      "version": "2.0.0",
      "resolved": "https://registry.npm.taobao.org/d3-drag/download/d3-drag-2.0.0.tgz",
      "integrity": "sha1-nq8EbOntHCXIhmGRHB1aTY636m0=",
      "dev": true,
      "requires": {
        "d3-dispatch": "1 - 2",
        "d3-selection": "2"
      }
    },
    "d3-dsv": {
      "version": "2.0.0",
      "resolved": "https://registry.npm.taobao.org/d3-dsv/download/d3-dsv-2.0.0.tgz",
      "integrity": "sha1-s3sZS230LaUToSDZE60b4itf58U=",
      "dev": true,
      "requires": {
        "commander": "2",
        "iconv-lite": "0.4",
        "rw": "1"
      }
    },
    "d3-ease": {
      "version": "2.0.0",
      "resolved": "https://registry.npm.taobao.org/d3-ease/download/d3-ease-2.0.0.tgz",
      "integrity": "sha1-/Rdiv8oA2uS6zqUEsdYo/ykKxWM=",
      "dev": true
    },
    "d3-fetch": {
      "version": "2.0.0",
      "resolved": "https://registry.npm.taobao.org/d3-fetch/download/d3-fetch-2.0.0.tgz",
      "integrity": "sha1-7NfvISjZhHo7QbVI/sgJGNZFwGQ=",
      "dev": true,
      "requires": {
        "d3-dsv": "1 - 2"
      }
    },
    "d3-force": {
      "version": "2.1.1",
      "resolved": "https://registry.npm.taobao.org/d3-force/download/d3-force-2.1.1.tgz",
      "integrity": "sha1-8gzL8ebJ6ArdGSbwm1H2hqi8CTc=",
      "dev": true,
      "requires": {
        "d3-dispatch": "1 - 2",
        "d3-quadtree": "1 - 2",
        "d3-timer": "1 - 2"
      }
    },
    "d3-format": {
      "version": "2.0.0",
      "resolved": "https://registry.npm.taobao.org/d3-format/download/d3-format-2.0.0.tgz",
      "integrity": "sha1-oQvMD5hsNytym6RHOCQTqr9bB2c=",
      "dev": true
    },
    "d3-geo": {
      "version": "2.0.1",
      "resolved": "https://registry.npm.taobao.org/d3-geo/download/d3-geo-2.0.1.tgz",
      "integrity": "sha1-JDf9/tP+OrooEr2PMGCcrIOn7jk=",
      "dev": true,
      "requires": {
        "d3-array": ">=2.5"
      }
    },
    "d3-hierarchy": {
      "version": "2.0.0",
      "resolved": "https://registry.npm.taobao.org/d3-hierarchy/download/d3-hierarchy-2.0.0.tgz",
      "integrity": "sha1-2riKWMo+ehvGyrOQ6JZn/MbSAhg=",
      "dev": true
    },
    "d3-interpolate": {
      "version": "2.0.1",
      "resolved": "https://registry.npm.taobao.org/d3-interpolate/download/d3-interpolate-2.0.1.tgz?cache=0&sync_timestamp=1598193714891&other_urls=https%3A%2F%2Fregistry.npm.taobao.org%2Fd3-interpolate%2Fdownload%2Fd3-interpolate-2.0.1.tgz",
      "integrity": "sha1-mL5JnPuKO5TU/2FpAFAaZKvJEWM=",
      "dev": true,
      "requires": {
        "d3-color": "1 - 2"
      }
    },
    "d3-path": {
      "version": "2.0.0",
      "resolved": "https://registry.npm.taobao.org/d3-path/download/d3-path-2.0.0.tgz",
      "integrity": "sha1-VdhqwTGgVIra4kHuv7VrRYLdCdg=",
      "dev": true
    },
    "d3-polygon": {
      "version": "2.0.0",
      "resolved": "https://registry.npm.taobao.org/d3-polygon/download/d3-polygon-2.0.0.tgz",
      "integrity": "sha1-E2CO8EL77GJboVmDJ1ZPA8A5bY4=",
      "dev": true
    },
    "d3-quadtree": {
      "version": "2.0.0",
      "resolved": "https://registry.npm.taobao.org/d3-quadtree/download/d3-quadtree-2.0.0.tgz",
      "integrity": "sha1-7brQRc74hwH2/uOu6Ok/szLTD50=",
      "dev": true
    },
    "d3-random": {
      "version": "2.2.2",
      "resolved": "https://registry.npm.taobao.org/d3-random/download/d3-random-2.2.2.tgz",
      "integrity": "sha1-XuvSCe9ORaKzYrAZwfshwsmMu24=",
      "dev": true
    },
    "d3-scale": {
      "version": "3.2.3",
      "resolved": "https://registry.npm.taobao.org/d3-scale/download/d3-scale-3.2.3.tgz",
      "integrity": "sha1-vjgPV/H2HU/y5su2WkBZOlFknP0=",
      "dev": true,
      "requires": {
        "d3-array": "^2.3.0",
        "d3-format": "1 - 2",
        "d3-interpolate": "1.2.0 - 2",
        "d3-time": "1 - 2",
        "d3-time-format": "2 - 3"
      }
    },
    "d3-scale-chromatic": {
      "version": "2.0.0",
      "resolved": "https://registry.npm.taobao.org/d3-scale-chromatic/download/d3-scale-chromatic-2.0.0.tgz",
      "integrity": "sha1-wT86+GaF/5EyPcLw69Lau9cti6s=",
      "dev": true,
      "requires": {
        "d3-color": "1 - 2",
        "d3-interpolate": "1 - 2"
      }
    },
    "d3-selection": {
      "version": "2.0.0",
      "resolved": "https://registry.npm.taobao.org/d3-selection/download/d3-selection-2.0.0.tgz",
      "integrity": "sha1-lKEWOOohQbdWX4g3gNq8fvamEGY=",
      "dev": true
    },
    "d3-shape": {
      "version": "2.0.0",
      "resolved": "https://registry.npm.taobao.org/d3-shape/download/d3-shape-2.0.0.tgz",
      "integrity": "sha1-IzG2L6eEoqHarEenIzz9aTATgf0=",
      "dev": true,
      "requires": {
        "d3-path": "1 - 2"
      }
    },
    "d3-time": {
      "version": "2.0.0",
      "resolved": "https://registry.npm.taobao.org/d3-time/download/d3-time-2.0.0.tgz",
      "integrity": "sha1-rXwSfRfGe9V6TGHz6uy4EQix4Ks=",
      "dev": true
    },
    "d3-time-format": {
      "version": "3.0.0",
      "resolved": "https://registry.npm.taobao.org/d3-time-format/download/d3-time-format-3.0.0.tgz",
      "integrity": "sha1-34BWyDZZ4B8grF2l/ernwI1fG7Y=",
      "dev": true,
      "requires": {
        "d3-time": "1 - 2"
      }
    },
    "d3-timer": {
      "version": "2.0.0",
      "resolved": "https://registry.npm.taobao.org/d3-timer/download/d3-timer-2.0.0.tgz",
      "integrity": "sha1-BV7bHRcM/jGrLaiWje7pQLVmI+Y=",
      "dev": true
    },
    "d3-transition": {
      "version": "2.0.0",
      "resolved": "https://registry.npm.taobao.org/d3-transition/download/d3-transition-2.0.0.tgz",
      "integrity": "sha1-Nm73DCLviNHjQQX1B1FpkaKRyUw=",
      "dev": true,
      "requires": {
        "d3-color": "1 - 2",
        "d3-dispatch": "1 - 2",
        "d3-ease": "1 - 2",
        "d3-interpolate": "1 - 2",
        "d3-timer": "1 - 2"
      }
    },
    "d3-zoom": {
      "version": "2.0.0",
      "resolved": "https://registry.npm.taobao.org/d3-zoom/download/d3-zoom-2.0.0.tgz",
      "integrity": "sha1-8E0K/QVRi+zOh50EcJxH7Nk/ulQ=",
      "dev": true,
      "requires": {
        "d3-dispatch": "1 - 2",
        "d3-drag": "2",
        "d3-interpolate": "1 - 2",
        "d3-selection": "2",
        "d3-transition": "2"
      }
    },
    "delaunator": {
      "version": "4.0.1",
      "resolved": "https://registry.npm.taobao.org/delaunator/download/delaunator-4.0.1.tgz",
      "integrity": "sha1-PXeWh/V5GaekGPirlH073baEaVc=",
      "dev": true
    },
    "escape-string-regexp": {
      "version": "1.0.5",
      "resolved": "https://registry.npm.taobao.org/escape-string-regexp/download/escape-string-regexp-1.0.5.tgz?cache=0&other_urls=https%3A%2F%2Fregistry.npm.taobao.org%2Fescape-string-regexp%2Fdownload%2Fescape-string-regexp-1.0.5.tgz",
      "integrity": "sha1-G2HAViGQqN/2rjuyzwIAyhMLhtQ=",
      "dev": true
    },
    "fsevents": {
      "version": "2.3.2",
      "resolved": "https://registry.npm.taobao.org/fsevents/download/fsevents-2.3.2.tgz?cache=0&sync_timestamp=1612536477949&other_urls=https%3A%2F%2Fregistry.npm.taobao.org%2Ffsevents%2Fdownload%2Ffsevents-2.3.2.tgz",
      "integrity": "sha1-ilJveLj99GI7cJ4Ll1xSwkwC/Ro=",
      "dev": true,
      "optional": true
    },
    "has-flag": {
      "version": "3.0.0",
      "resolved": "https://registry.npm.taobao.org/has-flag/download/has-flag-3.0.0.tgz?cache=0&sync_timestamp=1596294337050&other_urls=https%3A%2F%2Fregistry.npm.taobao.org%2Fhas-flag%2Fdownload%2Fhas-flag-3.0.0.tgz",
      "integrity": "sha1-tdRU3CGZriJWmfNGfloH87lVuv0=",
      "dev": true
    },
    "iconv-lite": {
      "version": "0.4.24",
      "resolved": "https://registry.npm.taobao.org/iconv-lite/download/iconv-lite-0.4.24.tgz",
      "integrity": "sha1-ICK0sl+93CHS9SSXSkdKr+czkIs=",
      "dev": true,
      "requires": {
        "safer-buffer": ">= 2.1.2 < 3"
      }
    },
    "internmap": {
      "version": "1.0.0",
      "resolved": "https://registry.npm.taobao.org/internmap/download/internmap-1.0.0.tgz",
      "integrity": "sha1-PGvwlEsOrkV2mAAEEhCHUrv921Y=",
      "dev": true
    },
    "jest-worker": {
      "version": "26.6.2",
      "resolved": "https://registry.npm.taobao.org/jest-worker/download/jest-worker-26.6.2.tgz?cache=0&sync_timestamp=1607353721617&other_urls=https%3A%2F%2Fregistry.npm.taobao.org%2Fjest-worker%2Fdownload%2Fjest-worker-26.6.2.tgz",
      "integrity": "sha1-f3LLxNZDw2Xie5/XdfnQ6qnHqO0=",
      "dev": true,
      "requires": {
        "@types/node": "*",
        "merge-stream": "^2.0.0",
        "supports-color": "^7.0.0"
      },
      "dependencies": {
        "has-flag": {
          "version": "4.0.0",
          "resolved": "https://registry.npm.taobao.org/has-flag/download/has-flag-4.0.0.tgz?cache=0&sync_timestamp=1596294337050&other_urls=https%3A%2F%2Fregistry.npm.taobao.org%2Fhas-flag%2Fdownload%2Fhas-flag-4.0.0.tgz",
          "integrity": "sha1-lEdx/ZyByBJlxNaUGGDaBrtZR5s=",
          "dev": true
        },
        "supports-color": {
          "version": "7.2.0",
          "resolved": "https://registry.npm.taobao.org/supports-color/download/supports-color-7.2.0.tgz?cache=0&sync_timestamp=1611394043517&other_urls=https%3A%2F%2Fregistry.npm.taobao.org%2Fsupports-color%2Fdownload%2Fsupports-color-7.2.0.tgz",
          "integrity": "sha1-G33NyzK4E4gBs+R4umpRyqiWSNo=",
          "dev": true,
          "requires": {
            "has-flag": "^4.0.0"
          }
        }
      }
    },
    "js-tokens": {
      "version": "4.0.0",
      "resolved": "https://registry.npm.taobao.org/js-tokens/download/js-tokens-4.0.0.tgz",
      "integrity": "sha1-GSA/tZmR35jjoocFDUZHzerzJJk=",
      "dev": true
    },
    "merge-stream": {
      "version": "2.0.0",
      "resolved": "https://registry.npm.taobao.org/merge-stream/download/merge-stream-2.0.0.tgz",
      "integrity": "sha1-UoI2KaFN0AyXcPtq1H3GMQ8sH2A=",
      "dev": true
    },
    "randombytes": {
      "version": "2.1.0",
      "resolved": "https://registry.npm.taobao.org/randombytes/download/randombytes-2.1.0.tgz",
      "integrity": "sha1-32+ENy8CcNxlzfYpE0mrekc9Tyo=",
      "dev": true,
      "requires": {
        "safe-buffer": "^5.1.0"
      }
    },
    "rollup": {
      "version": "2.38.5",
      "resolved": "https://registry.npm.taobao.org/rollup/download/rollup-2.38.5.tgz",
      "integrity": "sha1-vkGtT+DBA6h5Q3evzrXyK49gPWo=",
      "dev": true,
      "requires": {
        "fsevents": "~2.3.1"
      }
    },
    "rollup-plugin-terser": {
      "version": "7.0.2",
      "resolved": "https://registry.npm.taobao.org/rollup-plugin-terser/download/rollup-plugin-terser-7.0.2.tgz",
      "integrity": "sha1-6Pu6SGmYGy3DWufopQLVxsBNMk0=",
      "dev": true,
      "requires": {
        "@babel/code-frame": "^7.10.4",
        "jest-worker": "^26.2.1",
        "serialize-javascript": "^4.0.0",
        "terser": "^5.0.0"
      }
    },
    "rw": {
      "version": "1.3.3",
      "resolved": "https://registry.npm.taobao.org/rw/download/rw-1.3.3.tgz",
      "integrity": "sha1-P4Yt+pGrdmsUiF700BEkv9oHT7Q=",
      "dev": true
    },
    "safe-buffer": {
      "version": "5.2.1",
      "resolved": "https://registry.npm.taobao.org/safe-buffer/download/safe-buffer-5.2.1.tgz?cache=0&sync_timestamp=1599054209520&other_urls=https%3A%2F%2Fregistry.npm.taobao.org%2Fsafe-buffer%2Fdownload%2Fsafe-buffer-5.2.1.tgz",
      "integrity": "sha1-Hq+fqb2x/dTsdfWPnNtOa3gn7sY=",
      "dev": true
    },
    "safer-buffer": {
      "version": "2.1.2",
      "resolved": "https://registry.npm.taobao.org/safer-buffer/download/safer-buffer-2.1.2.tgz",
      "integrity": "sha1-RPoWGwGHuVSd2Eu5GAL5vYOFzWo=",
      "dev": true
    },
    "serialize-javascript": {
      "version": "4.0.0",
      "resolved": "https://registry.npm.taobao.org/serialize-javascript/download/serialize-javascript-4.0.0.tgz?cache=0&sync_timestamp=1599740657550&other_urls=https%3A%2F%2Fregistry.npm.taobao.org%2Fserialize-javascript%2Fdownload%2Fserialize-javascript-4.0.0.tgz",
      "integrity": "sha1-tSXhI4SJpez8Qq+sw/6Z5mb0sao=",
      "dev": true,
      "requires": {
        "randombytes": "^2.1.0"
      }
    },
    "source-map": {
      "version": "0.7.3",
      "resolved": "https://registry.npm.taobao.org/source-map/download/source-map-0.7.3.tgz",
      "integrity": "sha1-UwL4FpAxc1ImVECS5kmB91F1A4M=",
      "dev": true
    },
    "source-map-support": {
      "version": "0.5.19",
      "resolved": "https://registry.npm.taobao.org/source-map-support/download/source-map-support-0.5.19.tgz",
      "integrity": "sha1-qYti+G3K9PZzmWSMCFKRq56P7WE=",
      "dev": true,
      "requires": {
        "buffer-from": "^1.0.0",
        "source-map": "^0.6.0"
      },
      "dependencies": {
        "source-map": {
          "version": "0.6.1",
          "resolved": "https://registry.npm.taobao.org/source-map/download/source-map-0.6.1.tgz",
          "integrity": "sha1-dHIq8y6WFOnCh6jQu95IteLxomM=",
          "dev": true
        }
      }
    },
    "supports-color": {
      "version": "5.5.0",
      "resolved": "https://registry.npm.taobao.org/supports-color/download/supports-color-5.5.0.tgz?cache=0&sync_timestamp=1611394043517&other_urls=https%3A%2F%2Fregistry.npm.taobao.org%2Fsupports-color%2Fdownload%2Fsupports-color-5.5.0.tgz",
      "integrity": "sha1-4uaaRKyHcveKHsCzW2id9lMO/I8=",
      "dev": true,
      "requires": {
        "has-flag": "^3.0.0"
      }
    },
    "terser": {
      "version": "5.5.1",
      "resolved": "https://registry.npm.taobao.org/terser/download/terser-5.5.1.tgz?cache=0&sync_timestamp=1612483237961&other_urls=https%3A%2F%2Fregistry.npm.taobao.org%2Fterser%2Fdownload%2Fterser-5.5.1.tgz",
      "integrity": "sha1-VAyqJROdb0lv3qBW5BQoSIb7Iok=",
      "dev": true,
      "requires": {
        "commander": "^2.20.0",
        "source-map": "~0.7.2",
        "source-map-support": "~0.5.19"
      }
    }
  }
}
